// !$*UTF8*$!
{
	archiveVersion = 1;
	classes = {
	};
	objectVersion = 55;
	objects = {

/* Begin PBXBuildFile section */
		7A5CD6272750FCF800BEE952 /* AppDelegate.swift in Sources */ = {isa = PBXBuildFile; fileRef = 7A5CD6262750FCF800BEE952 /* AppDelegate.swift */; };
		7A5CD6292750FCF800BEE952 /* SceneDelegate.swift in Sources */ = {isa = PBXBuildFile; fileRef = 7A5CD6282750FCF800BEE952 /* SceneDelegate.swift */; };
		7A5CD62B2750FCF800BEE952 /* CountryListViewController.swift in Sources */ = {isa = PBXBuildFile; fileRef = 7A5CD62A2750FCF800BEE952 /* CountryListViewController.swift */; };
		7A5CD6312750FCF800BEE952 /* Countries.xcdatamodeld in Sources */ = {isa = PBXBuildFile; fileRef = 7A5CD62F2750FCF800BEE952 /* Countries.xcdatamodeld */; };
		7A5CD6332750FCFB00BEE952 /* Assets.xcassets in Resources */ = {isa = PBXBuildFile; fileRef = 7A5CD6322750FCFB00BEE952 /* Assets.xcassets */; };
		7A5CD6362750FCFB00BEE952 /* LaunchScreen.storyboard in Resources */ = {isa = PBXBuildFile; fileRef = 7A5CD6342750FCFB00BEE952 /* LaunchScreen.storyboard */; };
		7A5CD6412750FCFB00BEE952 /* CountriesTests.swift in Sources */ = {isa = PBXBuildFile; fileRef = 7A5CD6402750FCFB00BEE952 /* CountriesTests.swift */; };
		7A5CD64B2750FCFB00BEE952 /* CountriesUITests.swift in Sources */ = {isa = PBXBuildFile; fileRef = 7A5CD64A2750FCFB00BEE952 /* CountriesUITests.swift */; };
		7A5CD64D2750FCFB00BEE952 /* CountriesUITestsLaunchTests.swift in Sources */ = {isa = PBXBuildFile; fileRef = 7A5CD64C2750FCFB00BEE952 /* CountriesUITestsLaunchTests.swift */; };
		7A5CD6642750FD9200BEE952 /* Kingfisher in Frameworks */ = {isa = PBXBuildFile; productRef = 7A5CD6632750FD9200BEE952 /* Kingfisher */; };
		7A5CD6672750FDDD00BEE952 /* AppContainer.swift in Sources */ = {isa = PBXBuildFile; fileRef = 7A5CD6662750FDDD00BEE952 /* AppContainer.swift */; };
		7A5CD6692750FDE900BEE952 /* AppRouter.swift in Sources */ = {isa = PBXBuildFile; fileRef = 7A5CD6682750FDE900BEE952 /* AppRouter.swift */; };
		7A5CD66F275103CF00BEE952 /* Home.storyboard in Resources */ = {isa = PBXBuildFile; fileRef = 7A5CD66E275103CF00BEE952 /* Home.storyboard */; };
		7A5CD6712751041D00BEE952 /* CountryListBuilder.swift in Sources */ = {isa = PBXBuildFile; fileRef = 7A5CD6702751041D00BEE952 /* CountryListBuilder.swift */; };
		7A5CD6732751045400BEE952 /* CountryListViewModel.swift in Sources */ = {isa = PBXBuildFile; fileRef = 7A5CD6722751045400BEE952 /* CountryListViewModel.swift */; };
		7A5CD67B275107ED00BEE952 /* CountryDetailBuilder.swift in Sources */ = {isa = PBXBuildFile; fileRef = 7A5CD67A275107ED00BEE952 /* CountryDetailBuilder.swift */; };
		7A5CD6852751138600BEE952 /* URLRequest+Extensions.swift in Sources */ = {isa = PBXBuildFile; fileRef = 7A5CD6842751138600BEE952 /* URLRequest+Extensions.swift */; };
		7A5CD6872751139C00BEE952 /* URL+Extensions.swift in Sources */ = {isa = PBXBuildFile; fileRef = 7A5CD6862751139C00BEE952 /* URL+Extensions.swift */; };
		7A5CD68927511F5700BEE952 /* Country.swift in Sources */ = {isa = PBXBuildFile; fileRef = 7A5CD68827511F5700BEE952 /* Country.swift */; };
		7A5CD68B275120D300BEE952 /* CountryDetails.swift in Sources */ = {isa = PBXBuildFile; fileRef = 7A5CD68A275120D300BEE952 /* CountryDetails.swift */; };
		7A5CD68E2751266B00BEE952 /* RxBlocking in Frameworks */ = {isa = PBXBuildFile; productRef = 7A5CD68D2751266B00BEE952 /* RxBlocking */; };
		7A5CD6902751266B00BEE952 /* RxCocoa in Frameworks */ = {isa = PBXBuildFile; productRef = 7A5CD68F2751266B00BEE952 /* RxCocoa */; };
		7A5CD6922751266B00BEE952 /* RxRelay in Frameworks */ = {isa = PBXBuildFile; productRef = 7A5CD6912751266B00BEE952 /* RxRelay */; };
		7A5CD6942751266B00BEE952 /* RxSwift in Frameworks */ = {isa = PBXBuildFile; productRef = 7A5CD6932751266B00BEE952 /* RxSwift */; };
		7A5CD6A327512B0A00BEE952 /* CountryDetailViewController.swift in Sources */ = {isa = PBXBuildFile; fileRef = 7A5CD6A227512B0A00BEE952 /* CountryDetailViewController.swift */; };
		7A5CD6A527512B3200BEE952 /* CountryDetailViewModel.swift in Sources */ = {isa = PBXBuildFile; fileRef = 7A5CD6A427512B3200BEE952 /* CountryDetailViewModel.swift */; };
		7A5CD6A727512BC200BEE952 /* CountryDetail.storyboard in Resources */ = {isa = PBXBuildFile; fileRef = 7A5CD6A627512BC200BEE952 /* CountryDetail.storyboard */; };
		7A5CD6B0275136A700BEE952 /* MainScreenApi.swift in Sources */ = {isa = PBXBuildFile; fileRef = 7A5CD6AF275136A700BEE952 /* MainScreenApi.swift */; };
		7A5CD6B227513AD400BEE952 /* CountryDetailApi.swift in Sources */ = {isa = PBXBuildFile; fileRef = 7A5CD6B127513AD400BEE952 /* CountryDetailApi.swift */; };
		7A5CD6B4275146E500BEE952 /* MainScreenView.swift in Sources */ = {isa = PBXBuildFile; fileRef = 7A5CD6B3275146E500BEE952 /* MainScreenView.swift */; };
		7A5CD6B6275146F100BEE952 /* CountryListTableViewCell.swift in Sources */ = {isa = PBXBuildFile; fileRef = 7A5CD6B5275146F100BEE952 /* CountryListTableViewCell.swift */; };
		7A5CD6B82751527100BEE952 /* UIView+Extensions.swift in Sources */ = {isa = PBXBuildFile; fileRef = 7A5CD6B72751527100BEE952 /* UIView+Extensions.swift */; };
		7A5CD6BA2751555100BEE952 /* UIViewController+Extensions.swift in Sources */ = {isa = PBXBuildFile; fileRef = 7A5CD6B92751555100BEE952 /* UIViewController+Extensions.swift */; };
		7A5CD6BC27517E0500BEE952 /* CountryDetailView.swift in Sources */ = {isa = PBXBuildFile; fileRef = 7A5CD6BB27517E0500BEE952 /* CountryDetailView.swift */; };
		7A5CD6BE2751858100BEE952 /* UIImageView+Extension.swift in Sources */ = {isa = PBXBuildFile; fileRef = 7A5CD6BD2751858100BEE952 /* UIImageView+Extension.swift */; };
		7A5CD6C0275186D100BEE952 /* Optional+Extensions.swift in Sources */ = {isa = PBXBuildFile; fileRef = 7A5CD6BF275186D100BEE952 /* Optional+Extensions.swift */; };
		7A5CD6C227523A3D00BEE952 /* MainScreenBuilder.swift in Sources */ = {isa = PBXBuildFile; fileRef = 7A5CD6C127523A3D00BEE952 /* MainScreenBuilder.swift */; };
		7A5CD6C527523A6900BEE952 /* TabBarViewController.swift in Sources */ = {isa = PBXBuildFile; fileRef = 7A5CD6C427523A6900BEE952 /* TabBarViewController.swift */; };
		7A5CD6C727523A7600BEE952 /* TabBarViewModel.swift in Sources */ = {isa = PBXBuildFile; fileRef = 7A5CD6C627523A7600BEE952 /* TabBarViewModel.swift */; };
		7A5CD6CE2752554F00BEE952 /* SavedCountriesBuilder.swift in Sources */ = {isa = PBXBuildFile; fileRef = 7A5CD6CD2752554F00BEE952 /* SavedCountriesBuilder.swift */; };
		7A5CD6D02752558000BEE952 /* SavedCountriesViewModel.swift in Sources */ = {isa = PBXBuildFile; fileRef = 7A5CD6CF2752558000BEE952 /* SavedCountriesViewModel.swift */; };
		7A5CD6D22752558800BEE952 /* SavedCountriesViewController.swift in Sources */ = {isa = PBXBuildFile; fileRef = 7A5CD6D12752558800BEE952 /* SavedCountriesViewController.swift */; };
		7A5CD6D4275255F800BEE952 /* SavedCountries.storyboard in Resources */ = {isa = PBXBuildFile; fileRef = 7A5CD6D3275255F800BEE952 /* SavedCountries.storyboard */; };
		7A5CD6D62752566F00BEE952 /* SavedCountriesView.swift in Sources */ = {isa = PBXBuildFile; fileRef = 7A5CD6D52752566F00BEE952 /* SavedCountriesView.swift */; };
		7A5CD6D92752797500BEE952 /* SVGKit in Frameworks */ = {isa = PBXBuildFile; productRef = 7A5CD6D82752797500BEE952 /* SVGKit */; };
		7A5CD6DB2752797500BEE952 /* SVGKitSwift in Frameworks */ = {isa = PBXBuildFile; productRef = 7A5CD6DA2752797500BEE952 /* SVGKitSwift */; };
/* End PBXBuildFile section */

/* Begin PBXContainerItemProxy section */
		7A5CD63D2750FCFB00BEE952 /* PBXContainerItemProxy */ = {
			isa = PBXContainerItemProxy;
			containerPortal = 7A5CD61B2750FCF800BEE952 /* Project object */;
			proxyType = 1;
			remoteGlobalIDString = 7A5CD6222750FCF800BEE952;
			remoteInfo = Countries;
		};
		7A5CD6472750FCFB00BEE952 /* PBXContainerItemProxy */ = {
			isa = PBXContainerItemProxy;
			containerPortal = 7A5CD61B2750FCF800BEE952 /* Project object */;
			proxyType = 1;
			remoteGlobalIDString = 7A5CD6222750FCF800BEE952;
			remoteInfo = Countries;
		};
/* End PBXContainerItemProxy section */

/* Begin PBXFileReference section */
		7A5CD6232750FCF800BEE952 /* Countries.app */ = {isa = PBXFileReference; explicitFileType = wrapper.application; includeInIndex = 0; path = Countries.app; sourceTree = BUILT_PRODUCTS_DIR; };
		7A5CD6262750FCF800BEE952 /* AppDelegate.swift */ = {isa = PBXFileReference; lastKnownFileType = sourcecode.swift; path = AppDelegate.swift; sourceTree = "<group>"; };
		7A5CD6282750FCF800BEE952 /* SceneDelegate.swift */ = {isa = PBXFileReference; lastKnownFileType = sourcecode.swift; path = SceneDelegate.swift; sourceTree = "<group>"; };
		7A5CD62A2750FCF800BEE952 /* CountryListViewController.swift */ = {isa = PBXFileReference; lastKnownFileType = sourcecode.swift; path = CountryListViewController.swift; sourceTree = "<group>"; };
		7A5CD6302750FCF800BEE952 /* Countries.xcdatamodel */ = {isa = PBXFileReference; lastKnownFileType = wrapper.xcdatamodel; path = Countries.xcdatamodel; sourceTree = "<group>"; };
		7A5CD6322750FCFB00BEE952 /* Assets.xcassets */ = {isa = PBXFileReference; lastKnownFileType = folder.assetcatalog; path = Assets.xcassets; sourceTree = "<group>"; };
		7A5CD6352750FCFB00BEE952 /* Base */ = {isa = PBXFileReference; lastKnownFileType = file.storyboard; name = Base; path = Base.lproj/LaunchScreen.storyboard; sourceTree = "<group>"; };
		7A5CD6372750FCFB00BEE952 /* Info.plist */ = {isa = PBXFileReference; lastKnownFileType = text.plist.xml; path = Info.plist; sourceTree = "<group>"; };
		7A5CD63C2750FCFB00BEE952 /* CountriesTests.xctest */ = {isa = PBXFileReference; explicitFileType = wrapper.cfbundle; includeInIndex = 0; path = CountriesTests.xctest; sourceTree = BUILT_PRODUCTS_DIR; };
		7A5CD6402750FCFB00BEE952 /* CountriesTests.swift */ = {isa = PBXFileReference; lastKnownFileType = sourcecode.swift; path = CountriesTests.swift; sourceTree = "<group>"; };
		7A5CD6462750FCFB00BEE952 /* CountriesUITests.xctest */ = {isa = PBXFileReference; explicitFileType = wrapper.cfbundle; includeInIndex = 0; path = CountriesUITests.xctest; sourceTree = BUILT_PRODUCTS_DIR; };
		7A5CD64A2750FCFB00BEE952 /* CountriesUITests.swift */ = {isa = PBXFileReference; lastKnownFileType = sourcecode.swift; path = CountriesUITests.swift; sourceTree = "<group>"; };
		7A5CD64C2750FCFB00BEE952 /* CountriesUITestsLaunchTests.swift */ = {isa = PBXFileReference; lastKnownFileType = sourcecode.swift; path = CountriesUITestsLaunchTests.swift; sourceTree = "<group>"; };
		7A5CD6662750FDDD00BEE952 /* AppContainer.swift */ = {isa = PBXFileReference; lastKnownFileType = sourcecode.swift; path = AppContainer.swift; sourceTree = "<group>"; };
		7A5CD6682750FDE900BEE952 /* AppRouter.swift */ = {isa = PBXFileReference; lastKnownFileType = sourcecode.swift; path = AppRouter.swift; sourceTree = "<group>"; };
		7A5CD66E275103CF00BEE952 /* Home.storyboard */ = {isa = PBXFileReference; lastKnownFileType = file.storyboard; path = Home.storyboard; sourceTree = "<group>"; };
		7A5CD6702751041D00BEE952 /* CountryListBuilder.swift */ = {isa = PBXFileReference; lastKnownFileType = sourcecode.swift; path = CountryListBuilder.swift; sourceTree = "<group>"; };
		7A5CD6722751045400BEE952 /* CountryListViewModel.swift */ = {isa = PBXFileReference; lastKnownFileType = sourcecode.swift; path = CountryListViewModel.swift; sourceTree = "<group>"; };
		7A5CD67A275107ED00BEE952 /* CountryDetailBuilder.swift */ = {isa = PBXFileReference; lastKnownFileType = sourcecode.swift; path = CountryDetailBuilder.swift; sourceTree = "<group>"; };
		7A5CD6842751138600BEE952 /* URLRequest+Extensions.swift */ = {isa = PBXFileReference; lastKnownFileType = sourcecode.swift; path = "URLRequest+Extensions.swift"; sourceTree = "<group>"; };
		7A5CD6862751139C00BEE952 /* URL+Extensions.swift */ = {isa = PBXFileReference; lastKnownFileType = sourcecode.swift; path = "URL+Extensions.swift"; sourceTree = "<group>"; };
		7A5CD68827511F5700BEE952 /* Country.swift */ = {isa = PBXFileReference; lastKnownFileType = sourcecode.swift; path = Country.swift; sourceTree = "<group>"; };
		7A5CD68A275120D300BEE952 /* CountryDetails.swift */ = {isa = PBXFileReference; lastKnownFileType = sourcecode.swift; path = CountryDetails.swift; sourceTree = "<group>"; };
		7A5CD69A2751289900BEE952 /* libswiftWebKit.tbd */ = {isa = PBXFileReference; lastKnownFileType = "sourcecode.text-based-dylib-definition"; name = libswiftWebKit.tbd; path = usr/lib/swift/libswiftWebKit.tbd; sourceTree = SDKROOT; };
		7A5CD6A227512B0A00BEE952 /* CountryDetailViewController.swift */ = {isa = PBXFileReference; lastKnownFileType = sourcecode.swift; path = CountryDetailViewController.swift; sourceTree = "<group>"; };
		7A5CD6A427512B3200BEE952 /* CountryDetailViewModel.swift */ = {isa = PBXFileReference; lastKnownFileType = sourcecode.swift; path = CountryDetailViewModel.swift; sourceTree = "<group>"; };
		7A5CD6A627512BC200BEE952 /* CountryDetail.storyboard */ = {isa = PBXFileReference; lastKnownFileType = file.storyboard; path = CountryDetail.storyboard; sourceTree = "<group>"; };
		7A5CD6AF275136A700BEE952 /* MainScreenApi.swift */ = {isa = PBXFileReference; lastKnownFileType = sourcecode.swift; path = MainScreenApi.swift; sourceTree = "<group>"; };
		7A5CD6B127513AD400BEE952 /* CountryDetailApi.swift */ = {isa = PBXFileReference; lastKnownFileType = sourcecode.swift; path = CountryDetailApi.swift; sourceTree = "<group>"; };
		7A5CD6B3275146E500BEE952 /* MainScreenView.swift */ = {isa = PBXFileReference; lastKnownFileType = sourcecode.swift; path = MainScreenView.swift; sourceTree = "<group>"; };
		7A5CD6B5275146F100BEE952 /* CountryListTableViewCell.swift */ = {isa = PBXFileReference; lastKnownFileType = sourcecode.swift; path = CountryListTableViewCell.swift; sourceTree = "<group>"; };
		7A5CD6B72751527100BEE952 /* UIView+Extensions.swift */ = {isa = PBXFileReference; lastKnownFileType = sourcecode.swift; path = "UIView+Extensions.swift"; sourceTree = "<group>"; };
		7A5CD6B92751555100BEE952 /* UIViewController+Extensions.swift */ = {isa = PBXFileReference; lastKnownFileType = sourcecode.swift; path = "UIViewController+Extensions.swift"; sourceTree = "<group>"; };
		7A5CD6BB27517E0500BEE952 /* CountryDetailView.swift */ = {isa = PBXFileReference; lastKnownFileType = sourcecode.swift; path = CountryDetailView.swift; sourceTree = "<group>"; };
		7A5CD6BD2751858100BEE952 /* UIImageView+Extension.swift */ = {isa = PBXFileReference; lastKnownFileType = sourcecode.swift; path = "UIImageView+Extension.swift"; sourceTree = "<group>"; };
		7A5CD6BF275186D100BEE952 /* Optional+Extensions.swift */ = {isa = PBXFileReference; lastKnownFileType = sourcecode.swift; path = "Optional+Extensions.swift"; sourceTree = "<group>"; };
		7A5CD6C127523A3D00BEE952 /* MainScreenBuilder.swift */ = {isa = PBXFileReference; lastKnownFileType = sourcecode.swift; path = MainScreenBuilder.swift; sourceTree = "<group>"; };
		7A5CD6C427523A6900BEE952 /* TabBarViewController.swift */ = {isa = PBXFileReference; lastKnownFileType = sourcecode.swift; path = TabBarViewController.swift; sourceTree = "<group>"; };
		7A5CD6C627523A7600BEE952 /* TabBarViewModel.swift */ = {isa = PBXFileReference; lastKnownFileType = sourcecode.swift; path = TabBarViewModel.swift; sourceTree = "<group>"; };
		7A5CD6CD2752554F00BEE952 /* SavedCountriesBuilder.swift */ = {isa = PBXFileReference; lastKnownFileType = sourcecode.swift; path = SavedCountriesBuilder.swift; sourceTree = "<group>"; };
		7A5CD6CF2752558000BEE952 /* SavedCountriesViewModel.swift */ = {isa = PBXFileReference; lastKnownFileType = sourcecode.swift; path = SavedCountriesViewModel.swift; sourceTree = "<group>"; };
		7A5CD6D12752558800BEE952 /* SavedCountriesViewController.swift */ = {isa = PBXFileReference; lastKnownFileType = sourcecode.swift; path = SavedCountriesViewController.swift; sourceTree = "<group>"; };
		7A5CD6D3275255F800BEE952 /* SavedCountries.storyboard */ = {isa = PBXFileReference; lastKnownFileType = file.storyboard; path = SavedCountries.storyboard; sourceTree = "<group>"; };
		7A5CD6D52752566F00BEE952 /* SavedCountriesView.swift */ = {isa = PBXFileReference; lastKnownFileType = sourcecode.swift; path = SavedCountriesView.swift; sourceTree = "<group>"; };
/* End PBXFileReference section */

/* Begin PBXFrameworksBuildPhase section */
		7A5CD6202750FCF800BEE952 /* Frameworks */ = {
			isa = PBXFrameworksBuildPhase;
			buildActionMask = 2147483647;
			files = (
				7A5CD6D92752797500BEE952 /* SVGKit in Frameworks */,
				7A5CD6902751266B00BEE952 /* RxCocoa in Frameworks */,
				7A5CD6642750FD9200BEE952 /* Kingfisher in Frameworks */,
				7A5CD6942751266B00BEE952 /* RxSwift in Frameworks */,
				7A5CD6DB2752797500BEE952 /* SVGKitSwift in Frameworks */,
				7A5CD6922751266B00BEE952 /* RxRelay in Frameworks */,
				7A5CD68E2751266B00BEE952 /* RxBlocking in Frameworks */,
			);
			runOnlyForDeploymentPostprocessing = 0;
		};
		7A5CD6392750FCFB00BEE952 /* Frameworks */ = {
			isa = PBXFrameworksBuildPhase;
			buildActionMask = 2147483647;
			files = (
			);
			runOnlyForDeploymentPostprocessing = 0;
		};
		7A5CD6432750FCFB00BEE952 /* Frameworks */ = {
			isa = PBXFrameworksBuildPhase;
			buildActionMask = 2147483647;
			files = (
			);
			runOnlyForDeploymentPostprocessing = 0;
		};
/* End PBXFrameworksBuildPhase section */

/* Begin PBXGroup section */
		7A5CD61A2750FCF800BEE952 = {
			isa = PBXGroup;
			children = (
				7A5CD6252750FCF800BEE952 /* Countries */,
				7A5CD63F2750FCFB00BEE952 /* CountriesTests */,
				7A5CD6492750FCFB00BEE952 /* CountriesUITests */,
				7A5CD6242750FCF800BEE952 /* Products */,
				7A5CD6992751289900BEE952 /* Frameworks */,
			);
			sourceTree = "<group>";
		};
		7A5CD6242750FCF800BEE952 /* Products */ = {
			isa = PBXGroup;
			children = (
				7A5CD6232750FCF800BEE952 /* Countries.app */,
				7A5CD63C2750FCFB00BEE952 /* CountriesTests.xctest */,
				7A5CD6462750FCFB00BEE952 /* CountriesUITests.xctest */,
			);
			name = Products;
			sourceTree = "<group>";
		};
		7A5CD6252750FCF800BEE952 /* Countries */ = {
			isa = PBXGroup;
			children = (
				7A5CD6652750FD9F00BEE952 /* App */,
				7A5CD6282750FCF800BEE952 /* SceneDelegate.swift */,
				7A5CD66A2750FE4600BEE952 /* Scenes */,
				7A5CD6802751083900BEE952 /* Extensions */,
				7A5CD6812751084D00BEE952 /* Api */,
				7A5CD6322750FCFB00BEE952 /* Assets.xcassets */,
				7A5CD6342750FCFB00BEE952 /* LaunchScreen.storyboard */,
				7A5CD6372750FCFB00BEE952 /* Info.plist */,
				7A5CD62F2750FCF800BEE952 /* Countries.xcdatamodeld */,
			);
			path = Countries;
			sourceTree = "<group>";
		};
		7A5CD63F2750FCFB00BEE952 /* CountriesTests */ = {
			isa = PBXGroup;
			children = (
				7A5CD6402750FCFB00BEE952 /* CountriesTests.swift */,
			);
			path = CountriesTests;
			sourceTree = "<group>";
		};
		7A5CD6492750FCFB00BEE952 /* CountriesUITests */ = {
			isa = PBXGroup;
			children = (
				7A5CD64A2750FCFB00BEE952 /* CountriesUITests.swift */,
				7A5CD64C2750FCFB00BEE952 /* CountriesUITestsLaunchTests.swift */,
			);
			path = CountriesUITests;
			sourceTree = "<group>";
		};
		7A5CD6652750FD9F00BEE952 /* App */ = {
			isa = PBXGroup;
			children = (
				7A5CD6262750FCF800BEE952 /* AppDelegate.swift */,
				7A5CD6662750FDDD00BEE952 /* AppContainer.swift */,
				7A5CD6682750FDE900BEE952 /* AppRouter.swift */,
			);
			path = App;
			sourceTree = "<group>";
		};
		7A5CD66A2750FE4600BEE952 /* Scenes */ = {
			isa = PBXGroup;
			children = (
				7A5CD6C327523A5600BEE952 /* TabBar */,
				7A5CD66D2751015E00BEE952 /* MainScreen */,
				7A5CD6792751078A00BEE952 /* CountryDetailScreen */,
				7A5CD6C9275254EE00BEE952 /* SavedCountriesScene */,
			);
			path = Scenes;
			sourceTree = "<group>";
		};
		7A5CD66D2751015E00BEE952 /* MainScreen */ = {
			isa = PBXGroup;
			children = (
				7A5CD6C127523A3D00BEE952 /* MainScreenBuilder.swift */,
				7A5CD6702751041D00BEE952 /* CountryListBuilder.swift */,
				7A5CD6742751070A00BEE952 /* Api */,
				7A5CD6752751071000BEE952 /* Cells */,
				7A5CD6762751071C00BEE952 /* Views */,
				7A5CD6772751072500BEE952 /* ViewModels */,
				7A5CD6782751072E00BEE952 /* ViewControllers */,
			);
			path = MainScreen;
			sourceTree = "<group>";
		};
		7A5CD6742751070A00BEE952 /* Api */ = {
			isa = PBXGroup;
			children = (
				7A5CD6AF275136A700BEE952 /* MainScreenApi.swift */,
			);
			path = Api;
			sourceTree = "<group>";
		};
		7A5CD6752751071000BEE952 /* Cells */ = {
			isa = PBXGroup;
			children = (
				7A5CD6B5275146F100BEE952 /* CountryListTableViewCell.swift */,
			);
			path = Cells;
			sourceTree = "<group>";
		};
		7A5CD6762751071C00BEE952 /* Views */ = {
			isa = PBXGroup;
			children = (
				7A5CD6B3275146E500BEE952 /* MainScreenView.swift */,
				7A5CD66E275103CF00BEE952 /* Home.storyboard */,
			);
			path = Views;
			sourceTree = "<group>";
		};
		7A5CD6772751072500BEE952 /* ViewModels */ = {
			isa = PBXGroup;
			children = (
				7A5CD6722751045400BEE952 /* CountryListViewModel.swift */,
			);
			path = ViewModels;
			sourceTree = "<group>";
		};
		7A5CD6782751072E00BEE952 /* ViewControllers */ = {
			isa = PBXGroup;
			children = (
				7A5CD62A2750FCF800BEE952 /* CountryListViewController.swift */,
			);
			path = ViewControllers;
			sourceTree = "<group>";
		};
		7A5CD6792751078A00BEE952 /* CountryDetailScreen */ = {
			isa = PBXGroup;
			children = (
				7A5CD67A275107ED00BEE952 /* CountryDetailBuilder.swift */,
				7A5CD67C275107F300BEE952 /* Api */,
				7A5CD67D275107FC00BEE952 /* Views */,
				7A5CD67F2751081600BEE952 /* ViewModels */,
				7A5CD67E2751080500BEE952 /* ViewControllers */,
			);
			path = CountryDetailScreen;
			sourceTree = "<group>";
		};
		7A5CD67C275107F300BEE952 /* Api */ = {
			isa = PBXGroup;
			children = (
				7A5CD6B127513AD400BEE952 /* CountryDetailApi.swift */,
			);
			path = Api;
			sourceTree = "<group>";
		};
		7A5CD67D275107FC00BEE952 /* Views */ = {
			isa = PBXGroup;
			children = (
				7A5CD6A627512BC200BEE952 /* CountryDetail.storyboard */,
				7A5CD6BB27517E0500BEE952 /* CountryDetailView.swift */,
			);
			path = Views;
			sourceTree = "<group>";
		};
		7A5CD67E2751080500BEE952 /* ViewControllers */ = {
			isa = PBXGroup;
			children = (
				7A5CD6A227512B0A00BEE952 /* CountryDetailViewController.swift */,
			);
			path = ViewControllers;
			sourceTree = "<group>";
		};
		7A5CD67F2751081600BEE952 /* ViewModels */ = {
			isa = PBXGroup;
			children = (
				7A5CD6A427512B3200BEE952 /* CountryDetailViewModel.swift */,
			);
			path = ViewModels;
			sourceTree = "<group>";
		};
		7A5CD6802751083900BEE952 /* Extensions */ = {
			isa = PBXGroup;
			children = (
				7A5CD6B72751527100BEE952 /* UIView+Extensions.swift */,
				7A5CD6B92751555100BEE952 /* UIViewController+Extensions.swift */,
				7A5CD6BD2751858100BEE952 /* UIImageView+Extension.swift */,
				7A5CD6BF275186D100BEE952 /* Optional+Extensions.swift */,
			);
			path = Extensions;
			sourceTree = "<group>";
		};
		7A5CD6812751084D00BEE952 /* Api */ = {
			isa = PBXGroup;
			children = (
				7A5CD6822751085700BEE952 /* Extensions */,
				7A5CD6832751086200BEE952 /* DTOs */,
			);
			path = Api;
			sourceTree = "<group>";
		};
		7A5CD6822751085700BEE952 /* Extensions */ = {
			isa = PBXGroup;
			children = (
				7A5CD6842751138600BEE952 /* URLRequest+Extensions.swift */,
				7A5CD6862751139C00BEE952 /* URL+Extensions.swift */,
			);
			path = Extensions;
			sourceTree = "<group>";
		};
		7A5CD6832751086200BEE952 /* DTOs */ = {
			isa = PBXGroup;
			children = (
				7A5CD68827511F5700BEE952 /* Country.swift */,
				7A5CD68A275120D300BEE952 /* CountryDetails.swift */,
			);
			path = DTOs;
			sourceTree = "<group>";
		};
		7A5CD6992751289900BEE952 /* Frameworks */ = {
			isa = PBXGroup;
			children = (
				7A5CD69A2751289900BEE952 /* libswiftWebKit.tbd */,
			);
			name = Frameworks;
			sourceTree = "<group>";
		};
		7A5CD6C327523A5600BEE952 /* TabBar */ = {
			isa = PBXGroup;
			children = (
				7A5CD6C427523A6900BEE952 /* TabBarViewController.swift */,
				7A5CD6C627523A7600BEE952 /* TabBarViewModel.swift */,
			);
			path = TabBar;
			sourceTree = "<group>";
		};
		7A5CD6C9275254EE00BEE952 /* SavedCountriesScene */ = {
			isa = PBXGroup;
			children = (
				7A5CD6CD2752554F00BEE952 /* SavedCountriesBuilder.swift */,
				7A5CD6CC2752551700BEE952 /* ViewModels */,
				7A5CD6CB2752550E00BEE952 /* ViewControllers */,
				7A5CD6CA2752550500BEE952 /* Views */,
			);
			path = SavedCountriesScene;
			sourceTree = "<group>";
		};
		7A5CD6CA2752550500BEE952 /* Views */ = {
			isa = PBXGroup;
			children = (
				7A5CD6D3275255F800BEE952 /* SavedCountries.storyboard */,
				7A5CD6D52752566F00BEE952 /* SavedCountriesView.swift */,
			);
			path = Views;
			sourceTree = "<group>";
		};
		7A5CD6CB2752550E00BEE952 /* ViewControllers */ = {
			isa = PBXGroup;
			children = (
				7A5CD6D12752558800BEE952 /* SavedCountriesViewController.swift */,
			);
			path = ViewControllers;
			sourceTree = "<group>";
		};
		7A5CD6CC2752551700BEE952 /* ViewModels */ = {
			isa = PBXGroup;
			children = (
				7A5CD6CF2752558000BEE952 /* SavedCountriesViewModel.swift */,
			);
			path = ViewModels;
			sourceTree = "<group>";
		};
/* End PBXGroup section */

/* Begin PBXNativeTarget section */
		7A5CD6222750FCF800BEE952 /* Countries */ = {
			isa = PBXNativeTarget;
			buildConfigurationList = 7A5CD6502750FCFB00BEE952 /* Build configuration list for PBXNativeTarget "Countries" */;
			buildPhases = (
				7A5CD61F2750FCF800BEE952 /* Sources */,
				7A5CD6202750FCF800BEE952 /* Frameworks */,
				7A5CD6212750FCF800BEE952 /* Resources */,
			);
			buildRules = (
			);
			dependencies = (
			);
			name = Countries;
			packageProductDependencies = (
				7A5CD6632750FD9200BEE952 /* Kingfisher */,
				7A5CD68D2751266B00BEE952 /* RxBlocking */,
				7A5CD68F2751266B00BEE952 /* RxCocoa */,
				7A5CD6912751266B00BEE952 /* RxRelay */,
				7A5CD6932751266B00BEE952 /* RxSwift */,
				7A5CD6D82752797500BEE952 /* SVGKit */,
				7A5CD6DA2752797500BEE952 /* SVGKitSwift */,
			);
			productName = Countries;
			productReference = 7A5CD6232750FCF800BEE952 /* Countries.app */;
			productType = "com.apple.product-type.application";
		};
		7A5CD63B2750FCFB00BEE952 /* CountriesTests */ = {
			isa = PBXNativeTarget;
			buildConfigurationList = 7A5CD6532750FCFB00BEE952 /* Build configuration list for PBXNativeTarget "CountriesTests" */;
			buildPhases = (
				7A5CD6382750FCFB00BEE952 /* Sources */,
				7A5CD6392750FCFB00BEE952 /* Frameworks */,
				7A5CD63A2750FCFB00BEE952 /* Resources */,
			);
			buildRules = (
			);
			dependencies = (
				7A5CD63E2750FCFB00BEE952 /* PBXTargetDependency */,
			);
			name = CountriesTests;
			productName = CountriesTests;
			productReference = 7A5CD63C2750FCFB00BEE952 /* CountriesTests.xctest */;
			productType = "com.apple.product-type.bundle.unit-test";
		};
		7A5CD6452750FCFB00BEE952 /* CountriesUITests */ = {
			isa = PBXNativeTarget;
			buildConfigurationList = 7A5CD6562750FCFB00BEE952 /* Build configuration list for PBXNativeTarget "CountriesUITests" */;
			buildPhases = (
				7A5CD6422750FCFB00BEE952 /* Sources */,
				7A5CD6432750FCFB00BEE952 /* Frameworks */,
				7A5CD6442750FCFB00BEE952 /* Resources */,
			);
			buildRules = (
			);
			dependencies = (
				7A5CD6482750FCFB00BEE952 /* PBXTargetDependency */,
			);
			name = CountriesUITests;
			productName = CountriesUITests;
			productReference = 7A5CD6462750FCFB00BEE952 /* CountriesUITests.xctest */;
			productType = "com.apple.product-type.bundle.ui-testing";
		};
/* End PBXNativeTarget section */

/* Begin PBXProject section */
		7A5CD61B2750FCF800BEE952 /* Project object */ = {
			isa = PBXProject;
			attributes = {
				BuildIndependentTargetsInParallel = 1;
				LastSwiftUpdateCheck = 1310;
				LastUpgradeCheck = 1310;
				TargetAttributes = {
					7A5CD6222750FCF800BEE952 = {
						CreatedOnToolsVersion = 13.1;
					};
					7A5CD63B2750FCFB00BEE952 = {
						CreatedOnToolsVersion = 13.1;
						TestTargetID = 7A5CD6222750FCF800BEE952;
					};
					7A5CD6452750FCFB00BEE952 = {
						CreatedOnToolsVersion = 13.1;
						TestTargetID = 7A5CD6222750FCF800BEE952;
					};
				};
			};
			buildConfigurationList = 7A5CD61E2750FCF800BEE952 /* Build configuration list for PBXProject "Countries" */;
			compatibilityVersion = "Xcode 13.0";
			developmentRegion = en;
			hasScannedForEncodings = 0;
			knownRegions = (
				en,
				Base,
			);
			mainGroup = 7A5CD61A2750FCF800BEE952;
			packageReferences = (
				7A5CD6622750FD9200BEE952 /* XCRemoteSwiftPackageReference "Kingfisher" */,
				7A5CD68C2751266B00BEE952 /* XCRemoteSwiftPackageReference "RxSwift" */,
				7A5CD6D72752797500BEE952 /* XCRemoteSwiftPackageReference "SVGKit" */,
			);
			productRefGroup = 7A5CD6242750FCF800BEE952 /* Products */;
			projectDirPath = "";
			projectRoot = "";
			targets = (
				7A5CD6222750FCF800BEE952 /* Countries */,
				7A5CD63B2750FCFB00BEE952 /* CountriesTests */,
				7A5CD6452750FCFB00BEE952 /* CountriesUITests */,
			);
		};
/* End PBXProject section */

/* Begin PBXResourcesBuildPhase section */
		7A5CD6212750FCF800BEE952 /* Resources */ = {
			isa = PBXResourcesBuildPhase;
			buildActionMask = 2147483647;
			files = (
				7A5CD6D4275255F800BEE952 /* SavedCountries.storyboard in Resources */,
				7A5CD6362750FCFB00BEE952 /* LaunchScreen.storyboard in Resources */,
				7A5CD66F275103CF00BEE952 /* Home.storyboard in Resources */,
				7A5CD6A727512BC200BEE952 /* CountryDetail.storyboard in Resources */,
				7A5CD6332750FCFB00BEE952 /* Assets.xcassets in Resources */,
			);
			runOnlyForDeploymentPostprocessing = 0;
		};
		7A5CD63A2750FCFB00BEE952 /* Resources */ = {
			isa = PBXResourcesBuildPhase;
			buildActionMask = 2147483647;
			files = (
			);
			runOnlyForDeploymentPostprocessing = 0;
		};
		7A5CD6442750FCFB00BEE952 /* Resources */ = {
			isa = PBXResourcesBuildPhase;
			buildActionMask = 2147483647;
			files = (
			);
			runOnlyForDeploymentPostprocessing = 0;
		};
/* End PBXResourcesBuildPhase section */

/* Begin PBXSourcesBuildPhase section */
		7A5CD61F2750FCF800BEE952 /* Sources */ = {
			isa = PBXSourcesBuildPhase;
			buildActionMask = 2147483647;
			files = (
				7A5CD6BA2751555100BEE952 /* UIViewController+Extensions.swift in Sources */,
				7A5CD6A527512B3200BEE952 /* CountryDetailViewModel.swift in Sources */,
				7A5CD6B227513AD400BEE952 /* CountryDetailApi.swift in Sources */,
				7A5CD6C0275186D100BEE952 /* Optional+Extensions.swift in Sources */,
				7A5CD6C527523A6900BEE952 /* TabBarViewController.swift in Sources */,
				7A5CD6872751139C00BEE952 /* URL+Extensions.swift in Sources */,
				7A5CD62B2750FCF800BEE952 /* CountryListViewController.swift in Sources */,
				7A5CD6CE2752554F00BEE952 /* SavedCountriesBuilder.swift in Sources */,
				7A5CD67B275107ED00BEE952 /* CountryDetailBuilder.swift in Sources */,
				7A5CD6732751045400BEE952 /* CountryListViewModel.swift in Sources */,
				7A5CD68927511F5700BEE952 /* Country.swift in Sources */,
				7A5CD6A327512B0A00BEE952 /* CountryDetailViewController.swift in Sources */,
				7A5CD6BE2751858100BEE952 /* UIImageView+Extension.swift in Sources */,
				7A5CD6852751138600BEE952 /* URLRequest+Extensions.swift in Sources */,
				7A5CD6B82751527100BEE952 /* UIView+Extensions.swift in Sources */,
				7A5CD6BC27517E0500BEE952 /* CountryDetailView.swift in Sources */,
				7A5CD6B0275136A700BEE952 /* MainScreenApi.swift in Sources */,
				7A5CD6C227523A3D00BEE952 /* MainScreenBuilder.swift in Sources */,
				7A5CD6C727523A7600BEE952 /* TabBarViewModel.swift in Sources */,
				7A5CD6B4275146E500BEE952 /* MainScreenView.swift in Sources */,
				7A5CD6712751041D00BEE952 /* CountryListBuilder.swift in Sources */,
				7A5CD6272750FCF800BEE952 /* AppDelegate.swift in Sources */,
				7A5CD6D22752558800BEE952 /* SavedCountriesViewController.swift in Sources */,
				7A5CD6692750FDE900BEE952 /* AppRouter.swift in Sources */,
				7A5CD6672750FDDD00BEE952 /* AppContainer.swift in Sources */,
				7A5CD6B6275146F100BEE952 /* CountryListTableViewCell.swift in Sources */,
				7A5CD6312750FCF800BEE952 /* Countries.xcdatamodeld in Sources */,
				7A5CD68B275120D300BEE952 /* CountryDetails.swift in Sources */,
				7A5CD6292750FCF800BEE952 /* SceneDelegate.swift in Sources */,
				7A5CD6D02752558000BEE952 /* SavedCountriesViewModel.swift in Sources */,
				7A5CD6D62752566F00BEE952 /* SavedCountriesView.swift in Sources */,
			);
			runOnlyForDeploymentPostprocessing = 0;
		};
		7A5CD6382750FCFB00BEE952 /* Sources */ = {
			isa = PBXSourcesBuildPhase;
			buildActionMask = 2147483647;
			files = (
				7A5CD6412750FCFB00BEE952 /* CountriesTests.swift in Sources */,
			);
			runOnlyForDeploymentPostprocessing = 0;
		};
		7A5CD6422750FCFB00BEE952 /* Sources */ = {
			isa = PBXSourcesBuildPhase;
			buildActionMask = 2147483647;
			files = (
				7A5CD64B2750FCFB00BEE952 /* CountriesUITests.swift in Sources */,
				7A5CD64D2750FCFB00BEE952 /* CountriesUITestsLaunchTests.swift in Sources */,
			);
			runOnlyForDeploymentPostprocessing = 0;
		};
/* End PBXSourcesBuildPhase section */

/* Begin PBXTargetDependency section */
		7A5CD63E2750FCFB00BEE952 /* PBXTargetDependency */ = {
			isa = PBXTargetDependency;
			target = 7A5CD6222750FCF800BEE952 /* Countries */;
			targetProxy = 7A5CD63D2750FCFB00BEE952 /* PBXContainerItemProxy */;
		};
		7A5CD6482750FCFB00BEE952 /* PBXTargetDependency */ = {
			isa = PBXTargetDependency;
			target = 7A5CD6222750FCF800BEE952 /* Countries */;
			targetProxy = 7A5CD6472750FCFB00BEE952 /* PBXContainerItemProxy */;
		};
/* End PBXTargetDependency section */

/* Begin PBXVariantGroup section */
		7A5CD6342750FCFB00BEE952 /* LaunchScreen.storyboard */ = {
			isa = PBXVariantGroup;
			children = (
				7A5CD6352750FCFB00BEE952 /* Base */,
			);
			name = LaunchScreen.storyboard;
			sourceTree = "<group>";
		};
/* End PBXVariantGroup section */

/* Begin XCBuildConfiguration section */
		7A5CD64E2750FCFB00BEE952 /* Debug */ = {
			isa = XCBuildConfiguration;
			buildSettings = {
				ALWAYS_SEARCH_USER_PATHS = NO;
				CLANG_ANALYZER_NONNULL = YES;
				CLANG_ANALYZER_NUMBER_OBJECT_CONVERSION = YES_AGGRESSIVE;
				CLANG_CXX_LANGUAGE_STANDARD = "gnu++17";
				CLANG_CXX_LIBRARY = "libc++";
				CLANG_ENABLE_MODULES = YES;
				CLANG_ENABLE_OBJC_ARC = YES;
				CLANG_ENABLE_OBJC_WEAK = YES;
				CLANG_WARN_BLOCK_CAPTURE_AUTORELEASING = YES;
				CLANG_WARN_BOOL_CONVERSION = YES;
				CLANG_WARN_COMMA = YES;
				CLANG_WARN_CONSTANT_CONVERSION = YES;
				CLANG_WARN_DEPRECATED_OBJC_IMPLEMENTATIONS = YES;
				CLANG_WARN_DIRECT_OBJC_ISA_USAGE = YES_ERROR;
				CLANG_WARN_DOCUMENTATION_COMMENTS = YES;
				CLANG_WARN_EMPTY_BODY = YES;
				CLANG_WARN_ENUM_CONVERSION = YES;
				CLANG_WARN_INFINITE_RECURSION = YES;
				CLANG_WARN_INT_CONVERSION = YES;
				CLANG_WARN_NON_LITERAL_NULL_CONVERSION = YES;
				CLANG_WARN_OBJC_IMPLICIT_RETAIN_SELF = YES;
				CLANG_WARN_OBJC_LITERAL_CONVERSION = YES;
				CLANG_WARN_OBJC_ROOT_CLASS = YES_ERROR;
				CLANG_WARN_QUOTED_INCLUDE_IN_FRAMEWORK_HEADER = YES;
				CLANG_WARN_RANGE_LOOP_ANALYSIS = YES;
				CLANG_WARN_STRICT_PROTOTYPES = YES;
				CLANG_WARN_SUSPICIOUS_MOVE = YES;
				CLANG_WARN_UNGUARDED_AVAILABILITY = YES_AGGRESSIVE;
				CLANG_WARN_UNREACHABLE_CODE = YES;
				CLANG_WARN__DUPLICATE_METHOD_MATCH = YES;
				COPY_PHASE_STRIP = NO;
				DEBUG_INFORMATION_FORMAT = dwarf;
				ENABLE_STRICT_OBJC_MSGSEND = YES;
				ENABLE_TESTABILITY = YES;
				GCC_C_LANGUAGE_STANDARD = gnu11;
				GCC_DYNAMIC_NO_PIC = NO;
				GCC_NO_COMMON_BLOCKS = YES;
				GCC_OPTIMIZATION_LEVEL = 0;
				GCC_PREPROCESSOR_DEFINITIONS = (
					"DEBUG=1",
					"$(inherited)",
				);
				GCC_WARN_64_TO_32_BIT_CONVERSION = YES;
				GCC_WARN_ABOUT_RETURN_TYPE = YES_ERROR;
				GCC_WARN_UNDECLARED_SELECTOR = YES;
				GCC_WARN_UNINITIALIZED_AUTOS = YES_AGGRESSIVE;
				GCC_WARN_UNUSED_FUNCTION = YES;
				GCC_WARN_UNUSED_VARIABLE = YES;
				IPHONEOS_DEPLOYMENT_TARGET = 15.0;
				MTL_ENABLE_DEBUG_INFO = INCLUDE_SOURCE;
				MTL_FAST_MATH = YES;
				ONLY_ACTIVE_ARCH = YES;
				SDKROOT = iphoneos;
				SWIFT_ACTIVE_COMPILATION_CONDITIONS = DEBUG;
				SWIFT_OPTIMIZATION_LEVEL = "-Onone";
			};
			name = Debug;
		};
		7A5CD64F2750FCFB00BEE952 /* Release */ = {
			isa = XCBuildConfiguration;
			buildSettings = {
				ALWAYS_SEARCH_USER_PATHS = NO;
				CLANG_ANALYZER_NONNULL = YES;
				CLANG_ANALYZER_NUMBER_OBJECT_CONVERSION = YES_AGGRESSIVE;
				CLANG_CXX_LANGUAGE_STANDARD = "gnu++17";
				CLANG_CXX_LIBRARY = "libc++";
				CLANG_ENABLE_MODULES = YES;
				CLANG_ENABLE_OBJC_ARC = YES;
				CLANG_ENABLE_OBJC_WEAK = YES;
				CLANG_WARN_BLOCK_CAPTURE_AUTORELEASING = YES;
				CLANG_WARN_BOOL_CONVERSION = YES;
				CLANG_WARN_COMMA = YES;
				CLANG_WARN_CONSTANT_CONVERSION = YES;
				CLANG_WARN_DEPRECATED_OBJC_IMPLEMENTATIONS = YES;
				CLANG_WARN_DIRECT_OBJC_ISA_USAGE = YES_ERROR;
				CLANG_WARN_DOCUMENTATION_COMMENTS = YES;
				CLANG_WARN_EMPTY_BODY = YES;
				CLANG_WARN_ENUM_CONVERSION = YES;
				CLANG_WARN_INFINITE_RECURSION = YES;
				CLANG_WARN_INT_CONVERSION = YES;
				CLANG_WARN_NON_LITERAL_NULL_CONVERSION = YES;
				CLANG_WARN_OBJC_IMPLICIT_RETAIN_SELF = YES;
				CLANG_WARN_OBJC_LITERAL_CONVERSION = YES;
				CLANG_WARN_OBJC_ROOT_CLASS = YES_ERROR;
				CLANG_WARN_QUOTED_INCLUDE_IN_FRAMEWORK_HEADER = YES;
				CLANG_WARN_RANGE_LOOP_ANALYSIS = YES;
				CLANG_WARN_STRICT_PROTOTYPES = YES;
				CLANG_WARN_SUSPICIOUS_MOVE = YES;
				CLANG_WARN_UNGUARDED_AVAILABILITY = YES_AGGRESSIVE;
				CLANG_WARN_UNREACHABLE_CODE = YES;
				CLANG_WARN__DUPLICATE_METHOD_MATCH = YES;
				COPY_PHASE_STRIP = NO;
				DEBUG_INFORMATION_FORMAT = "dwarf-with-dsym";
				ENABLE_NS_ASSERTIONS = NO;
				ENABLE_STRICT_OBJC_MSGSEND = YES;
				GCC_C_LANGUAGE_STANDARD = gnu11;
				GCC_NO_COMMON_BLOCKS = YES;
				GCC_WARN_64_TO_32_BIT_CONVERSION = YES;
				GCC_WARN_ABOUT_RETURN_TYPE = YES_ERROR;
				GCC_WARN_UNDECLARED_SELECTOR = YES;
				GCC_WARN_UNINITIALIZED_AUTOS = YES_AGGRESSIVE;
				GCC_WARN_UNUSED_FUNCTION = YES;
				GCC_WARN_UNUSED_VARIABLE = YES;
				IPHONEOS_DEPLOYMENT_TARGET = 15.0;
				MTL_ENABLE_DEBUG_INFO = NO;
				MTL_FAST_MATH = YES;
				SDKROOT = iphoneos;
				SWIFT_COMPILATION_MODE = wholemodule;
				SWIFT_OPTIMIZATION_LEVEL = "-O";
				VALIDATE_PRODUCT = YES;
			};
			name = Release;
		};
		7A5CD6512750FCFB00BEE952 /* Debug */ = {
			isa = XCBuildConfiguration;
			buildSettings = {
				ASSETCATALOG_COMPILER_APPICON_NAME = AppIcon;
				ASSETCATALOG_COMPILER_GLOBAL_ACCENT_COLOR_NAME = AccentColor;
				CODE_SIGN_STYLE = Automatic;
				CURRENT_PROJECT_VERSION = 1;
				GENERATE_INFOPLIST_FILE = YES;
				INFOPLIST_FILE = Countries/Info.plist;
				INFOPLIST_KEY_NSMainNibFile = Home;
				INFOPLIST_KEY_UIApplicationSupportsIndirectInputEvents = YES;
				INFOPLIST_KEY_UILaunchStoryboardName = LaunchScreen;
				INFOPLIST_KEY_UISupportedInterfaceOrientations = UIInterfaceOrientationPortrait;
				INFOPLIST_KEY_UISupportedInterfaceOrientations_iPad = "UIInterfaceOrientationPortrait UIInterfaceOrientationPortraitUpsideDown UIInterfaceOrientationLandscapeLeft UIInterfaceOrientationLandscapeRight";
				INFOPLIST_KEY_UISupportedInterfaceOrientations_iPhone = "UIInterfaceOrientationPortrait UIInterfaceOrientationLandscapeLeft UIInterfaceOrientationLandscapeRight";
				LD_RUNPATH_SEARCH_PATHS = (
					"$(inherited)",
					"@executable_path/Frameworks",
				);
				LIBRARY_SEARCH_PATHS = (
					"$(inherited)",
					"$(SDKROOT)/usr/lib/swift",
				);
				MARKETING_VERSION = 1.0;
				PRODUCT_BUNDLE_IDENTIFIER = learnings.Countries;
				PRODUCT_NAME = "$(TARGET_NAME)";
				SWIFT_EMIT_LOC_STRINGS = YES;
				SWIFT_VERSION = 5.0;
				TARGETED_DEVICE_FAMILY = "1,2";
			};
			name = Debug;
		};
		7A5CD6522750FCFB00BEE952 /* Release */ = {
			isa = XCBuildConfiguration;
			buildSettings = {
				ASSETCATALOG_COMPILER_APPICON_NAME = AppIcon;
				ASSETCATALOG_COMPILER_GLOBAL_ACCENT_COLOR_NAME = AccentColor;
				CODE_SIGN_STYLE = Automatic;
				CURRENT_PROJECT_VERSION = 1;
				GENERATE_INFOPLIST_FILE = YES;
				INFOPLIST_FILE = Countries/Info.plist;
				INFOPLIST_KEY_NSMainNibFile = Home;
				INFOPLIST_KEY_UIApplicationSupportsIndirectInputEvents = YES;
				INFOPLIST_KEY_UILaunchStoryboardName = LaunchScreen;
				INFOPLIST_KEY_UISupportedInterfaceOrientations = UIInterfaceOrientationPortrait;
				INFOPLIST_KEY_UISupportedInterfaceOrientations_iPad = "UIInterfaceOrientationPortrait UIInterfaceOrientationPortraitUpsideDown UIInterfaceOrientationLandscapeLeft UIInterfaceOrientationLandscapeRight";
				INFOPLIST_KEY_UISupportedInterfaceOrientations_iPhone = "UIInterfaceOrientationPortrait UIInterfaceOrientationLandscapeLeft UIInterfaceOrientationLandscapeRight";
				LD_RUNPATH_SEARCH_PATHS = (
					"$(inherited)",
					"@executable_path/Frameworks",
				);
				LIBRARY_SEARCH_PATHS = (
					"$(inherited)",
					"$(SDKROOT)/usr/lib/swift",
				);
				MARKETING_VERSION = 1.0;
				PRODUCT_BUNDLE_IDENTIFIER = learnings.Countries;
				PRODUCT_NAME = "$(TARGET_NAME)";
				SWIFT_EMIT_LOC_STRINGS = YES;
				SWIFT_VERSION = 5.0;
				TARGETED_DEVICE_FAMILY = "1,2";
			};
			name = Release;
		};
		7A5CD6542750FCFB00BEE952 /* Debug */ = {
			isa = XCBuildConfiguration;
			buildSettings = {
				ALWAYS_EMBED_SWIFT_STANDARD_LIBRARIES = YES;
				BUNDLE_LOADER = "$(TEST_HOST)";
				CODE_SIGN_STYLE = Automatic;
				CURRENT_PROJECT_VERSION = 1;
				GENERATE_INFOPLIST_FILE = YES;
				IPHONEOS_DEPLOYMENT_TARGET = 15.0;
				LD_RUNPATH_SEARCH_PATHS = (
					"$(inherited)",
					"@executable_path/Frameworks",
					"@loader_path/Frameworks",
				);
				MARKETING_VERSION = 1.0;
				PRODUCT_BUNDLE_IDENTIFIER = learnings.CountriesTests;
				PRODUCT_NAME = "$(TARGET_NAME)";
				SWIFT_EMIT_LOC_STRINGS = NO;
				SWIFT_VERSION = 5.0;
				TARGETED_DEVICE_FAMILY = "1,2";
				TEST_HOST = "$(BUILT_PRODUCTS_DIR)/Countries.app/Countries";
			};
			name = Debug;
		};
		7A5CD6552750FCFB00BEE952 /* Release */ = {
			isa = XCBuildConfiguration;
			buildSettings = {
				ALWAYS_EMBED_SWIFT_STANDARD_LIBRARIES = YES;
				BUNDLE_LOADER = "$(TEST_HOST)";
				CODE_SIGN_STYLE = Automatic;
				CURRENT_PROJECT_VERSION = 1;
				GENERATE_INFOPLIST_FILE = YES;
				IPHONEOS_DEPLOYMENT_TARGET = 15.0;
				LD_RUNPATH_SEARCH_PATHS = (
					"$(inherited)",
					"@executable_path/Frameworks",
					"@loader_path/Frameworks",
				);
				MARKETING_VERSION = 1.0;
				PRODUCT_BUNDLE_IDENTIFIER = learnings.CountriesTests;
				PRODUCT_NAME = "$(TARGET_NAME)";
				SWIFT_EMIT_LOC_STRINGS = NO;
				SWIFT_VERSION = 5.0;
				TARGETED_DEVICE_FAMILY = "1,2";
				TEST_HOST = "$(BUILT_PRODUCTS_DIR)/Countries.app/Countries";
			};
			name = Release;
		};
		7A5CD6572750FCFB00BEE952 /* Debug */ = {
			isa = XCBuildConfiguration;
			buildSettings = {
				ALWAYS_EMBED_SWIFT_STANDARD_LIBRARIES = YES;
				CODE_SIGN_STYLE = Automatic;
				CURRENT_PROJECT_VERSION = 1;
				GENERATE_INFOPLIST_FILE = YES;
				LD_RUNPATH_SEARCH_PATHS = (
					"$(inherited)",
					"@executable_path/Frameworks",
					"@loader_path/Frameworks",
				);
				MARKETING_VERSION = 1.0;
				PRODUCT_BUNDLE_IDENTIFIER = learnings.CountriesUITests;
				PRODUCT_NAME = "$(TARGET_NAME)";
				SWIFT_EMIT_LOC_STRINGS = NO;
				SWIFT_VERSION = 5.0;
				TARGETED_DEVICE_FAMILY = "1,2";
				TEST_TARGET_NAME = Countries;
			};
			name = Debug;
		};
		7A5CD6582750FCFB00BEE952 /* Release */ = {
			isa = XCBuildConfiguration;
			buildSettings = {
				ALWAYS_EMBED_SWIFT_STANDARD_LIBRARIES = YES;
				CODE_SIGN_STYLE = Automatic;
				CURRENT_PROJECT_VERSION = 1;
				GENERATE_INFOPLIST_FILE = YES;
				LD_RUNPATH_SEARCH_PATHS = (
					"$(inherited)",
					"@executable_path/Frameworks",
					"@loader_path/Frameworks",
				);
				MARKETING_VERSION = 1.0;
				PRODUCT_BUNDLE_IDENTIFIER = learnings.CountriesUITests;
				PRODUCT_NAME = "$(TARGET_NAME)";
				SWIFT_EMIT_LOC_STRINGS = NO;
				SWIFT_VERSION = 5.0;
				TARGETED_DEVICE_FAMILY = "1,2";
				TEST_TARGET_NAME = Countries;
			};
			name = Release;
		};
/* End XCBuildConfiguration section */

/* Begin XCConfigurationList section */
		7A5CD61E2750FCF800BEE952 /* Build configuration list for PBXProject "Countries" */ = {
			isa = XCConfigurationList;
			buildConfigurations = (
				7A5CD64E2750FCFB00BEE952 /* Debug */,
				7A5CD64F2750FCFB00BEE952 /* Release */,
			);
			defaultConfigurationIsVisible = 0;
			defaultConfigurationName = Release;
		};
		7A5CD6502750FCFB00BEE952 /* Build configuration list for PBXNativeTarget "Countries" */ = {
			isa = XCConfigurationList;
			buildConfigurations = (
				7A5CD6512750FCFB00BEE952 /* Debug */,
				7A5CD6522750FCFB00BEE952 /* Release */,
			);
			defaultConfigurationIsVisible = 0;
			defaultConfigurationName = Release;
		};
		7A5CD6532750FCFB00BEE952 /* Build configuration list for PBXNativeTarget "CountriesTests" */ = {
			isa = XCConfigurationList;
			buildConfigurations = (
				7A5CD6542750FCFB00BEE952 /* Debug */,
				7A5CD6552750FCFB00BEE952 /* Release */,
			);
			defaultConfigurationIsVisible = 0;
			defaultConfigurationName = Release;
		};
		7A5CD6562750FCFB00BEE952 /* Build configuration list for PBXNativeTarget "CountriesUITests" */ = {
			isa = XCConfigurationList;
			buildConfigurations = (
				7A5CD6572750FCFB00BEE952 /* Debug */,
				7A5CD6582750FCFB00BEE952 /* Release */,
			);
			defaultConfigurationIsVisible = 0;
			defaultConfigurationName = Release;
		};
/* End XCConfigurationList section */

/* Begin XCRemoteSwiftPackageReference section */
		7A5CD6622750FD9200BEE952 /* XCRemoteSwiftPackageReference "Kingfisher" */ = {
			isa = XCRemoteSwiftPackageReference;
			repositoryURL = "https://github.com/onevcat/Kingfisher.git";
			requirement = {
				kind = upToNextMajorVersion;
				minimumVersion = 7.0.0;
			};
		};
		7A5CD68C2751266B00BEE952 /* XCRemoteSwiftPackageReference "RxSwift" */ = {
			isa = XCRemoteSwiftPackageReference;
			repositoryURL = "https://github.com/ReactiveX/RxSwift.git";
			requirement = {
				kind = upToNextMajorVersion;
				minimumVersion = 6.0.0;
			};
		};
		7A5CD6D72752797500BEE952 /* XCRemoteSwiftPackageReference "SVGKit" */ = {
			isa = XCRemoteSwiftPackageReference;
			repositoryURL = "https://github.com/SVGKit/SVGKit.git";
			requirement = {
				branch = 3.x;
				kind = branch;
			};
		};
/* End XCRemoteSwiftPackageReference section */

/* Begin XCSwiftPackageProductDependency section */
		7A5CD6632750FD9200BEE952 /* Kingfisher */ = {
			isa = XCSwiftPackageProductDependency;
			package = 7A5CD6622750FD9200BEE952 /* XCRemoteSwiftPackageReference "Kingfisher" */;
			productName = Kingfisher;
		};
		7A5CD68D2751266B00BEE952 /* RxBlocking */ = {
			isa = XCSwiftPackageProductDependency;
			package = 7A5CD68C2751266B00BEE952 /* XCRemoteSwiftPackageReference "RxSwift" */;
			productName = RxBlocking;
		};
		7A5CD68F2751266B00BEE952 /* RxCocoa */ = {
			isa = XCSwiftPackageProductDependency;
			package = 7A5CD68C2751266B00BEE952 /* XCRemoteSwiftPackageReference "RxSwift" */;
			productName = RxCocoa;
		};
		7A5CD6912751266B00BEE952 /* RxRelay */ = {
			isa = XCSwiftPackageProductDependency;
			package = 7A5CD68C2751266B00BEE952 /* XCRemoteSwiftPackageReference "RxSwift" */;
			productName = RxRelay;
		};
		7A5CD6932751266B00BEE952 /* RxSwift */ = {
			isa = XCSwiftPackageProductDependency;
			package = 7A5CD68C2751266B00BEE952 /* XCRemoteSwiftPackageReference "RxSwift" */;
			productName = RxSwift;
		};
		7A5CD6D82752797500BEE952 /* SVGKit */ = {
			isa = XCSwiftPackageProductDependency;
			package = 7A5CD6D72752797500BEE952 /* XCRemoteSwiftPackageReference "SVGKit" */;
			productName = SVGKit;
		};
		7A5CD6DA2752797500BEE952 /* SVGKitSwift */ = {
			isa = XCSwiftPackageProductDependency;
			package = 7A5CD6D72752797500BEE952 /* XCRemoteSwiftPackageReference "SVGKit" */;
			productName = SVGKitSwift;
		};
/* End XCSwiftPackageProductDependency section */

/* Begin XCVersionGroup section */
		7A5CD62F2750FCF800BEE952 /* Countries.xcdatamodeld */ = {
			isa = XCVersionGroup;
			children = (
				7A5CD6302750FCF800BEE952 /* Countries.xcdatamodel */,
			);
			currentVersion = 7A5CD6302750FCF800BEE952 /* Countries.xcdatamodel */;
			path = Countries.xcdatamodeld;
			sourceTree = "<group>";
			versionGroupType = wrapper.xcdatamodel;
		};
/* End XCVersionGroup section */
	};
	rootObject = 7A5CD61B2750FCF800BEE952 /* Project object */;
}
